
Microsoft Visual Studio Solution File, Format Version 12.00
# Visual Studio Version 17
VisualStudioVersion = 17.14.36518.9 d17.14
MinimumVisualStudioVersion = 10.0.40219.1
Project("{FAE04EC0-301F-11D3-BF4B-00C04F79EFBC}") = "EventChains-CS", "EventChains-CS\EventChains-CS.csproj", "{C39937EB-0650-49BE-812F-6FB320416114}"
EndProject
Global
	GlobalSection(SolutionConfigurationPlatforms) = preSolution
		Debug|Any CPU = Debug|Any CPU
		Release|Any CPU = Release|Any CPU
	EndGlobalSection
	GlobalSection(ProjectConfigurationPlatforms) = postSolution
		{C39937EB-0650-49BE-812F-6FB320416114}.Debug|Any CPU.ActiveCfg = Debug|Any CPU
		{C39937EB-0650-49BE-812F-6FB320416114}.Debug|Any CPU.Build.0 = Debug|Any CPU
		{C39937EB-0650-49BE-812F-6FB320416114}.Release|Any CPU.ActiveCfg = Release|Any CPU
		{C39937EB-0650-49BE-812F-6FB320416114}.Release|Any CPU.Build.0 = Release|Any CPU
	EndGlobalSection
	GlobalSection(SolutionProperties) = preSolution
		HideSolutionNode = FALSE
	EndGlobalSection
	GlobalSection(ExtensibilityGlobals) = postSolution
		SolutionGuid = {C59F1453-08F2-4628-9557-FA808C42BE66}
	EndGlobalSection
EndGlobal
